dependencies:
- name: prometheus
  repository: https://prometheus-community.github.io/helm-charts
  version: 27.39.0
- name: grafana
  repository: https://grafana.github.io/helm-charts
  version: 10.0.0
- name: loki
  repository: https://grafana.github.io/helm-charts
  version: 6.42.0
digest: sha256:626ee69e7ad3d9cc15c04082eba70fc1deddb54ee17a034248373df4a182e40a
generated: "2025-10-03T10:15:06.600901128+03:30"
